// !$*UTF8*$!
{
	archiveVersion = 1;
	classes = {
	};
	objectVersion = 55;
	objects = {

/* Begin PBXBuildFile section */
		A247BCC128D6F9B400DB8861 /* AppDelegate.swift in Sources */ = {isa = PBXBuildFile; fileRef = A247BCC028D6F9B400DB8861 /* AppDelegate.swift */; };
		A247BCC528D6F9B400DB8861 /* ListVC.swift in Sources */ = {isa = PBXBuildFile; fileRef = A247BCC428D6F9B400DB8861 /* ListVC.swift */; };
		A247BCC828D6F9B400DB8861 /* Main.storyboard in Resources */ = {isa = PBXBuildFile; fileRef = A247BCC628D6F9B400DB8861 /* Main.storyboard */; };
		A247BCCA28D6F9B500DB8861 /* Assets.xcassets in Resources */ = {isa = PBXBuildFile; fileRef = A247BCC928D6F9B500DB8861 /* Assets.xcassets */; };
		A247BCCD28D6F9B500DB8861 /* LaunchScreen.storyboard in Resources */ = {isa = PBXBuildFile; fileRef = A247BCCB28D6F9B500DB8861 /* LaunchScreen.storyboard */; };
		A247BCD828D6F9B500DB8861 /* NASAGalleryAppTests.swift in Sources */ = {isa = PBXBuildFile; fileRef = A247BCD728D6F9B500DB8861 /* NASAGalleryAppTests.swift */; };
		A247BCE228D6F9B500DB8861 /* NASAGalleryAppUITests.swift in Sources */ = {isa = PBXBuildFile; fileRef = A247BCE128D6F9B500DB8861 /* NASAGalleryAppUITests.swift */; };
		A247BCE428D6F9B500DB8861 /* NASAGalleryAppUITestsLaunchTests.swift in Sources */ = {isa = PBXBuildFile; fileRef = A247BCE328D6F9B500DB8861 /* NASAGalleryAppUITestsLaunchTests.swift */; };
		A247BCF328D6FA2B00DB8861 /* data.json in Resources */ = {isa = PBXBuildFile; fileRef = A247BCF228D6FA2B00DB8861 /* data.json */; };
		A247BCF528D6FD2300DB8861 /* Connection.swift in Sources */ = {isa = PBXBuildFile; fileRef = A247BCF428D6FD2300DB8861 /* Connection.swift */; };
		A247BCF828D6FDA700DB8861 /* ListVCVM.swift in Sources */ = {isa = PBXBuildFile; fileRef = A247BCF728D6FDA700DB8861 /* ListVCVM.swift */; };
		A247BCFB28D6FF8C00DB8861 /* NASAItem.swift in Sources */ = {isa = PBXBuildFile; fileRef = A247BCFA28D6FF8C00DB8861 /* NASAItem.swift */; };
		A247BCFD28D7067E00DB8861 /* NASAImageCVCell.swift in Sources */ = {isa = PBXBuildFile; fileRef = A247BCFC28D7067E00DB8861 /* NASAImageCVCell.swift */; };
		A247BD0028D7079A00DB8861 /* NASAImageView.swift in Sources */ = {isa = PBXBuildFile; fileRef = A247BCFF28D7079A00DB8861 /* NASAImageView.swift */; };
		A247BD0328D72B2800DB8861 /* PresentAnimator.swift in Sources */ = {isa = PBXBuildFile; fileRef = A247BD0128D72B2800DB8861 /* PresentAnimator.swift */; };
		A247BD0428D72B2800DB8861 /* DismissAnimator.swift in Sources */ = {isa = PBXBuildFile; fileRef = A247BD0228D72B2800DB8861 /* DismissAnimator.swift */; };
		A247BD0628D72E6100DB8861 /* DetailsViewController.swift in Sources */ = {isa = PBXBuildFile; fileRef = A247BD0528D72E6100DB8861 /* DetailsViewController.swift */; };
		A247BD0A28D72FFA00DB8861 /* ImageTVCell.swift in Sources */ = {isa = PBXBuildFile; fileRef = A247BD0828D72FFA00DB8861 /* ImageTVCell.swift */; };
		A247BD0B28D72FFA00DB8861 /* ImageTVCell.xib in Resources */ = {isa = PBXBuildFile; fileRef = A247BD0928D72FFA00DB8861 /* ImageTVCell.xib */; };
		A247BD0F28D733C000DB8861 /* TextTVCell.swift in Sources */ = {isa = PBXBuildFile; fileRef = A247BD0D28D733C000DB8861 /* TextTVCell.swift */; };
		A247BD1028D733C000DB8861 /* TextTVCell.xib in Resources */ = {isa = PBXBuildFile; fileRef = A247BD0E28D733C000DB8861 /* TextTVCell.xib */; };
		A247BD1428D7399700DB8861 /* DetailsCVCell.swift in Sources */ = {isa = PBXBuildFile; fileRef = A247BD1228D7399700DB8861 /* DetailsCVCell.swift */; };
		A247BD1528D7399700DB8861 /* DetailsCVCell.xib in Resources */ = {isa = PBXBuildFile; fileRef = A247BD1328D7399700DB8861 /* DetailsCVCell.xib */; };
		A247BD1728D73AF100DB8861 /* DetailsViewModel.swift in Sources */ = {isa = PBXBuildFile; fileRef = A247BD1628D73AF100DB8861 /* DetailsViewModel.swift */; };
		A247BD1E28D7507C00DB8861 /* extensions.swift in Sources */ = {isa = PBXBuildFile; fileRef = A247BD1D28D7507C00DB8861 /* extensions.swift */; };
/* End PBXBuildFile section */

/* Begin PBXContainerItemProxy section */
		A247BCD428D6F9B500DB8861 /* PBXContainerItemProxy */ = {
			isa = PBXContainerItemProxy;
			containerPortal = A247BCB528D6F9B300DB8861 /* Project object */;
			proxyType = 1;
			remoteGlobalIDString = A247BCBC28D6F9B400DB8861;
			remoteInfo = NASAGalleryApp;
		};
		A247BCDE28D6F9B500DB8861 /* PBXContainerItemProxy */ = {
			isa = PBXContainerItemProxy;
			containerPortal = A247BCB528D6F9B300DB8861 /* Project object */;
			proxyType = 1;
			remoteGlobalIDString = A247BCBC28D6F9B400DB8861;
			remoteInfo = NASAGalleryApp;
		};
/* End PBXContainerItemProxy section */

/* Begin PBXFileReference section */
		A247BCBD28D6F9B400DB8861 /* NASAGalleryApp.app */ = {isa = PBXFileReference; explicitFileType = wrapper.application; includeInIndex = 0; path = NASAGalleryApp.app; sourceTree = BUILT_PRODUCTS_DIR; };
		A247BCC028D6F9B400DB8861 /* AppDelegate.swift */ = {isa = PBXFileReference; lastKnownFileType = sourcecode.swift; path = AppDelegate.swift; sourceTree = "<group>"; };
		A247BCC428D6F9B400DB8861 /* ListVC.swift */ = {isa = PBXFileReference; lastKnownFileType = sourcecode.swift; path = ListVC.swift; sourceTree = "<group>"; };
		A247BCC728D6F9B400DB8861 /* Base */ = {isa = PBXFileReference; lastKnownFileType = file.storyboard; name = Base; path = Base.lproj/Main.storyboard; sourceTree = "<group>"; };
		A247BCC928D6F9B500DB8861 /* Assets.xcassets */ = {isa = PBXFileReference; lastKnownFileType = folder.assetcatalog; path = Assets.xcassets; sourceTree = "<group>"; };
		A247BCCC28D6F9B500DB8861 /* Base */ = {isa = PBXFileReference; lastKnownFileType = file.storyboard; name = Base; path = Base.lproj/LaunchScreen.storyboard; sourceTree = "<group>"; };
		A247BCCE28D6F9B500DB8861 /* Info.plist */ = {isa = PBXFileReference; lastKnownFileType = text.plist.xml; path = Info.plist; sourceTree = "<group>"; };
		A247BCD328D6F9B500DB8861 /* NASAGalleryAppTests.xctest */ = {isa = PBXFileReference; explicitFileType = wrapper.cfbundle; includeInIndex = 0; path = NASAGalleryAppTests.xctest; sourceTree = BUILT_PRODUCTS_DIR; };
		A247BCD728D6F9B500DB8861 /* NASAGalleryAppTests.swift */ = {isa = PBXFileReference; lastKnownFileType = sourcecode.swift; path = NASAGalleryAppTests.swift; sourceTree = "<group>"; };
		A247BCDD28D6F9B500DB8861 /* NASAGalleryAppUITests.xctest */ = {isa = PBXFileReference; explicitFileType = wrapper.cfbundle; includeInIndex = 0; path = NASAGalleryAppUITests.xctest; sourceTree = BUILT_PRODUCTS_DIR; };
		A247BCE128D6F9B500DB8861 /* NASAGalleryAppUITests.swift */ = {isa = PBXFileReference; lastKnownFileType = sourcecode.swift; path = NASAGalleryAppUITests.swift; sourceTree = "<group>"; };
		A247BCE328D6F9B500DB8861 /* NASAGalleryAppUITestsLaunchTests.swift */ = {isa = PBXFileReference; lastKnownFileType = sourcecode.swift; path = NASAGalleryAppUITestsLaunchTests.swift; sourceTree = "<group>"; };
		A247BCF228D6FA2B00DB8861 /* data.json */ = {isa = PBXFileReference; fileEncoding = 4; lastKnownFileType = text.json; path = data.json; sourceTree = "<group>"; };
		A247BCF428D6FD2300DB8861 /* Connection.swift */ = {isa = PBXFileReference; lastKnownFileType = sourcecode.swift; path = Connection.swift; sourceTree = "<group>"; };
		A247BCF728D6FDA700DB8861 /* ListVCVM.swift */ = {isa = PBXFileReference; lastKnownFileType = sourcecode.swift; path = ListVCVM.swift; sourceTree = "<group>"; };
		A247BCFA28D6FF8C00DB8861 /* NASAItem.swift */ = {isa = PBXFileReference; lastKnownFileType = sourcecode.swift; path = NASAItem.swift; sourceTree = "<group>"; };
		A247BCFC28D7067E00DB8861 /* NASAImageCVCell.swift */ = {isa = PBXFileReference; lastKnownFileType = sourcecode.swift; path = NASAImageCVCell.swift; sourceTree = "<group>"; };
		A247BCFF28D7079A00DB8861 /* NASAImageView.swift */ = {isa = PBXFileReference; lastKnownFileType = sourcecode.swift; path = NASAImageView.swift; sourceTree = "<group>"; };
		A247BD0128D72B2800DB8861 /* PresentAnimator.swift */ = {isa = PBXFileReference; fileEncoding = 4; lastKnownFileType = sourcecode.swift; path = PresentAnimator.swift; sourceTree = "<group>"; };
		A247BD0228D72B2800DB8861 /* DismissAnimator.swift */ = {isa = PBXFileReference; fileEncoding = 4; lastKnownFileType = sourcecode.swift; path = DismissAnimator.swift; sourceTree = "<group>"; };
		A247BD0528D72E6100DB8861 /* DetailsViewController.swift */ = {isa = PBXFileReference; lastKnownFileType = sourcecode.swift; path = DetailsViewController.swift; sourceTree = "<group>"; };
		A247BD0828D72FFA00DB8861 /* ImageTVCell.swift */ = {isa = PBXFileReference; lastKnownFileType = sourcecode.swift; path = ImageTVCell.swift; sourceTree = "<group>"; };
		A247BD0928D72FFA00DB8861 /* ImageTVCell.xib */ = {isa = PBXFileReference; lastKnownFileType = file.xib; path = ImageTVCell.xib; sourceTree = "<group>"; };
		A247BD0D28D733C000DB8861 /* TextTVCell.swift */ = {isa = PBXFileReference; lastKnownFileType = sourcecode.swift; path = TextTVCell.swift; sourceTree = "<group>"; };
		A247BD0E28D733C000DB8861 /* TextTVCell.xib */ = {isa = PBXFileReference; lastKnownFileType = file.xib; path = TextTVCell.xib; sourceTree = "<group>"; };
		A247BD1228D7399700DB8861 /* DetailsCVCell.swift */ = {isa = PBXFileReference; lastKnownFileType = sourcecode.swift; path = DetailsCVCell.swift; sourceTree = "<group>"; };
		A247BD1328D7399700DB8861 /* DetailsCVCell.xib */ = {isa = PBXFileReference; lastKnownFileType = file.xib; path = DetailsCVCell.xib; sourceTree = "<group>"; };
		A247BD1628D73AF100DB8861 /* DetailsViewModel.swift */ = {isa = PBXFileReference; lastKnownFileType = sourcecode.swift; path = DetailsViewModel.swift; sourceTree = "<group>"; };
		A247BD1D28D7507C00DB8861 /* extensions.swift */ = {isa = PBXFileReference; lastKnownFileType = sourcecode.swift; path = extensions.swift; sourceTree = "<group>"; };
/* End PBXFileReference section */

/* Begin PBXFrameworksBuildPhase section */
		A247BCBA28D6F9B400DB8861 /* Frameworks */ = {
			isa = PBXFrameworksBuildPhase;
			buildActionMask = 2147483647;
			files = (
			);
			runOnlyForDeploymentPostprocessing = 0;
		};
		A247BCD028D6F9B500DB8861 /* Frameworks */ = {
			isa = PBXFrameworksBuildPhase;
			buildActionMask = 2147483647;
			files = (
			);
			runOnlyForDeploymentPostprocessing = 0;
		};
		A247BCDA28D6F9B500DB8861 /* Frameworks */ = {
			isa = PBXFrameworksBuildPhase;
			buildActionMask = 2147483647;
			files = (
			);
			runOnlyForDeploymentPostprocessing = 0;
		};
/* End PBXFrameworksBuildPhase section */

/* Begin PBXGroup section */
		A247BCB428D6F9B300DB8861 = {
			isa = PBXGroup;
			children = (
				A247BCBF28D6F9B400DB8861 /* NASAGalleryApp */,
				A247BCD628D6F9B500DB8861 /* NASAGalleryAppTests */,
				A247BCE028D6F9B500DB8861 /* NASAGalleryAppUITests */,
				A247BCBE28D6F9B400DB8861 /* Products */,
			);
			sourceTree = "<group>";
		};
		A247BCBE28D6F9B400DB8861 /* Products */ = {
			isa = PBXGroup;
			children = (
				A247BCBD28D6F9B400DB8861 /* NASAGalleryApp.app */,
				A247BCD328D6F9B500DB8861 /* NASAGalleryAppTests.xctest */,
				A247BCDD28D6F9B500DB8861 /* NASAGalleryAppUITests.xctest */,
			);
			name = Products;
			sourceTree = "<group>";
		};
		A247BCBF28D6F9B400DB8861 /* NASAGalleryApp */ = {
			isa = PBXGroup;
			children = (
				A247BD1C28D74E9400DB8861 /* Resources */,
				A247BD1B28D74E4600DB8861 /* ListVC */,
				A247BD1A28D74E1B00DB8861 /* DetailsVC */,
				A247BCFE28D7078700DB8861 /* CustomClass */,
				A247BCC628D6F9B400DB8861 /* Main.storyboard */,
				A247BCCB28D6F9B500DB8861 /* LaunchScreen.storyboard */,
				A247BCCE28D6F9B500DB8861 /* Info.plist */,
			);
			path = NASAGalleryApp;
			sourceTree = "<group>";
		};
		A247BCD628D6F9B500DB8861 /* NASAGalleryAppTests */ = {
			isa = PBXGroup;
			children = (
				A247BCD728D6F9B500DB8861 /* NASAGalleryAppTests.swift */,
			);
			path = NASAGalleryAppTests;
			sourceTree = "<group>";
		};
		A247BCE028D6F9B500DB8861 /* NASAGalleryAppUITests */ = {
			isa = PBXGroup;
			children = (
				A247BCE128D6F9B500DB8861 /* NASAGalleryAppUITests.swift */,
				A247BCE328D6F9B500DB8861 /* NASAGalleryAppUITestsLaunchTests.swift */,
			);
			path = NASAGalleryAppUITests;
			sourceTree = "<group>";
		};
		A247BCF928D6FF7B00DB8861 /* Model */ = {
			isa = PBXGroup;
			children = (
				A247BCFC28D7067E00DB8861 /* NASAImageCVCell.swift */,
				A247BCFA28D6FF8C00DB8861 /* NASAItem.swift */,
			);
			path = Model;
			sourceTree = "<group>";
		};
		A247BCFE28D7078700DB8861 /* CustomClass */ = {
			isa = PBXGroup;
			children = (
				A247BD0128D72B2800DB8861 /* PresentAnimator.swift */,
				A247BD0228D72B2800DB8861 /* DismissAnimator.swift */,
				A247BCFF28D7079A00DB8861 /* NASAImageView.swift */,
			);
			path = CustomClass;
			sourceTree = "<group>";
		};
		A247BD0728D72FD700DB8861 /* ImageTVCell */ = {
			isa = PBXGroup;
			children = (
				A247BD0828D72FFA00DB8861 /* ImageTVCell.swift */,
				A247BD0928D72FFA00DB8861 /* ImageTVCell.xib */,
			);
			path = ImageTVCell;
			sourceTree = "<group>";
		};
		A247BD0C28D733AB00DB8861 /* TextTVCell */ = {
			isa = PBXGroup;
			children = (
				A247BD0D28D733C000DB8861 /* TextTVCell.swift */,
				A247BD0E28D733C000DB8861 /* TextTVCell.xib */,
			);
			path = TextTVCell;
			sourceTree = "<group>";
		};
		A247BD1128D7397A00DB8861 /* DetailsCVCell */ = {
			isa = PBXGroup;
			children = (
				A247BD1228D7399700DB8861 /* DetailsCVCell.swift */,
				A247BD1328D7399700DB8861 /* DetailsCVCell.xib */,
			);
			path = DetailsCVCell;
			sourceTree = "<group>";
		};
		A247BD1A28D74E1B00DB8861 /* DetailsVC */ = {
			isa = PBXGroup;
			children = (
				A247BD0728D72FD700DB8861 /* ImageTVCell */,
				A247BD0C28D733AB00DB8861 /* TextTVCell */,
				A247BD1128D7397A00DB8861 /* DetailsCVCell */,
				A247BD1628D73AF100DB8861 /* DetailsViewModel.swift */,
				A247BD0528D72E6100DB8861 /* DetailsViewController.swift */,
			);
			path = DetailsVC;
			sourceTree = "<group>";
		};
		A247BD1B28D74E4600DB8861 /* ListVC */ = {
			isa = PBXGroup;
			children = (
				A247BCC428D6F9B400DB8861 /* ListVC.swift */,
				A247BCF728D6FDA700DB8861 /* ListVCVM.swift */,
				A247BCF928D6FF7B00DB8861 /* Model */,
			);
			path = ListVC;
			sourceTree = "<group>";
		};
		A247BD1C28D74E9400DB8861 /* Resources */ = {
			isa = PBXGroup;
			children = (
				A247BCC928D6F9B500DB8861 /* Assets.xcassets */,
				A247BCF428D6FD2300DB8861 /* Connection.swift */,
				A247BCC028D6F9B400DB8861 /* AppDelegate.swift */,
				A247BCF228D6FA2B00DB8861 /* data.json */,
				A247BD1D28D7507C00DB8861 /* extensions.swift */,
			);
			path = Resources;
			sourceTree = "<group>";
		};
/* End PBXGroup section */

/* Begin PBXNativeTarget section */
		A247BCBC28D6F9B400DB8861 /* NASAGalleryApp */ = {
			isa = PBXNativeTarget;
			buildConfigurationList = A247BCE728D6F9B500DB8861 /* Build configuration list for PBXNativeTarget "NASAGalleryApp" */;
			buildPhases = (
				A247BCB928D6F9B400DB8861 /* Sources */,
				A247BCBA28D6F9B400DB8861 /* Frameworks */,
				A247BCBB28D6F9B400DB8861 /* Resources */,
			);
			buildRules = (
			);
			dependencies = (
			);
			name = NASAGalleryApp;
			productName = NASAGalleryApp;
			productReference = A247BCBD28D6F9B400DB8861 /* NASAGalleryApp.app */;
			productType = "com.apple.product-type.application";
		};
		A247BCD228D6F9B500DB8861 /* NASAGalleryAppTests */ = {
			isa = PBXNativeTarget;
			buildConfigurationList = A247BCEA28D6F9B500DB8861 /* Build configuration list for PBXNativeTarget "NASAGalleryAppTests" */;
			buildPhases = (
				A247BCCF28D6F9B500DB8861 /* Sources */,
				A247BCD028D6F9B500DB8861 /* Frameworks */,
				A247BCD128D6F9B500DB8861 /* Resources */,
			);
			buildRules = (
			);
			dependencies = (
				A247BCD528D6F9B500DB8861 /* PBXTargetDependency */,
			);
			name = NASAGalleryAppTests;
			productName = NASAGalleryAppTests;
			productReference = A247BCD328D6F9B500DB8861 /* NASAGalleryAppTests.xctest */;
			productType = "com.apple.product-type.bundle.unit-test";
		};
		A247BCDC28D6F9B500DB8861 /* NASAGalleryAppUITests */ = {
			isa = PBXNativeTarget;
			buildConfigurationList = A247BCED28D6F9B500DB8861 /* Build configuration list for PBXNativeTarget "NASAGalleryAppUITests" */;
			buildPhases = (
				A247BCD928D6F9B500DB8861 /* Sources */,
				A247BCDA28D6F9B500DB8861 /* Frameworks */,
				A247BCDB28D6F9B500DB8861 /* Resources */,
			);
			buildRules = (
			);
			dependencies = (
				A247BCDF28D6F9B500DB8861 /* PBXTargetDependency */,
			);
			name = NASAGalleryAppUITests;
			productName = NASAGalleryAppUITests;
			productReference = A247BCDD28D6F9B500DB8861 /* NASAGalleryAppUITests.xctest */;
			productType = "com.apple.product-type.bundle.ui-testing";
		};
/* End PBXNativeTarget section */

/* Begin PBXProject section */
		A247BCB528D6F9B300DB8861 /* Project object */ = {
			isa = PBXProject;
			attributes = {
				BuildIndependentTargetsInParallel = 1;
				LastSwiftUpdateCheck = 1340;
				LastUpgradeCheck = 1340;
				TargetAttributes = {
					A247BCBC28D6F9B400DB8861 = {
						CreatedOnToolsVersion = 13.4.1;
					};
					A247BCD228D6F9B500DB8861 = {
						CreatedOnToolsVersion = 13.4.1;
						TestTargetID = A247BCBC28D6F9B400DB8861;
					};
					A247BCDC28D6F9B500DB8861 = {
						CreatedOnToolsVersion = 13.4.1;
						TestTargetID = A247BCBC28D6F9B400DB8861;
					};
				};
			};
			buildConfigurationList = A247BCB828D6F9B300DB8861 /* Build configuration list for PBXProject "NASAGalleryApp" */;
			compatibilityVersion = "Xcode 13.0";
			developmentRegion = en;
			hasScannedForEncodings = 0;
			knownRegions = (
				en,
				Base,
			);
			mainGroup = A247BCB428D6F9B300DB8861;
			productRefGroup = A247BCBE28D6F9B400DB8861 /* Products */;
			projectDirPath = "";
			projectRoot = "";
			targets = (
				A247BCBC28D6F9B400DB8861 /* NASAGalleryApp */,
				A247BCD228D6F9B500DB8861 /* NASAGalleryAppTests */,
				A247BCDC28D6F9B500DB8861 /* NASAGalleryAppUITests */,
			);
		};
/* End PBXProject section */

/* Begin PBXResourcesBuildPhase section */
		A247BCBB28D6F9B400DB8861 /* Resources */ = {
			isa = PBXResourcesBuildPhase;
			buildActionMask = 2147483647;
			files = (
				A247BD1028D733C000DB8861 /* TextTVCell.xib in Resources */,
				A247BCCD28D6F9B500DB8861 /* LaunchScreen.storyboard in Resources */,
				A247BCCA28D6F9B500DB8861 /* Assets.xcassets in Resources */,
				A247BD1528D7399700DB8861 /* DetailsCVCell.xib in Resources */,
				A247BD0B28D72FFA00DB8861 /* ImageTVCell.xib in Resources */,
				A247BCC828D6F9B400DB8861 /* Main.storyboard in Resources */,
				A247BCF328D6FA2B00DB8861 /* data.json in Resources */,
			);
			runOnlyForDeploymentPostprocessing = 0;
		};
		A247BCD128D6F9B500DB8861 /* Resources */ = {
			isa = PBXResourcesBuildPhase;
			buildActionMask = 2147483647;
			files = (
			);
			runOnlyForDeploymentPostprocessing = 0;
		};
		A247BCDB28D6F9B500DB8861 /* Resources */ = {
			isa = PBXResourcesBuildPhase;
			buildActionMask = 2147483647;
			files = (
			);
			runOnlyForDeploymentPostprocessing = 0;
		};
/* End PBXResourcesBuildPhase section */

/* Begin PBXSourcesBuildPhase section */
		A247BCB928D6F9B400DB8861 /* Sources */ = {
			isa = PBXSourcesBuildPhase;
			buildActionMask = 2147483647;
			files = (
				A247BCC528D6F9B400DB8861 /* ListVC.swift in Sources */,
				A247BCFD28D7067E00DB8861 /* NASAImageCVCell.swift in Sources */,
				A247BD1428D7399700DB8861 /* DetailsCVCell.swift in Sources */,
				A247BD0A28D72FFA00DB8861 /* ImageTVCell.swift in Sources */,
				A247BCF828D6FDA700DB8861 /* ListVCVM.swift in Sources */,
				A247BCFB28D6FF8C00DB8861 /* NASAItem.swift in Sources */,
				A247BD0328D72B2800DB8861 /* PresentAnimator.swift in Sources */,
				A247BD0F28D733C000DB8861 /* TextTVCell.swift in Sources */,
				A247BCF528D6FD2300DB8861 /* Connection.swift in Sources */,
				A247BD0028D7079A00DB8861 /* NASAImageView.swift in Sources */,
				A247BD1E28D7507C00DB8861 /* extensions.swift in Sources */,
				A247BD0428D72B2800DB8861 /* DismissAnimator.swift in Sources */,
				A247BD1728D73AF100DB8861 /* DetailsViewModel.swift in Sources */,
				A247BCC128D6F9B400DB8861 /* AppDelegate.swift in Sources */,
				A247BD0628D72E6100DB8861 /* DetailsViewController.swift in Sources */,
			);
			runOnlyForDeploymentPostprocessing = 0;
		};
		A247BCCF28D6F9B500DB8861 /* Sources */ = {
			isa = PBXSourcesBuildPhase;
			buildActionMask = 2147483647;
			files = (
				A247BCD828D6F9B500DB8861 /* NASAGalleryAppTests.swift in Sources */,
			);
			runOnlyForDeploymentPostprocessing = 0;
		};
		A247BCD928D6F9B500DB8861 /* Sources */ = {
			isa = PBXSourcesBuildPhase;
			buildActionMask = 2147483647;
			files = (
				A247BCE428D6F9B500DB8861 /* NASAGalleryAppUITestsLaunchTests.swift in Sources */,
				A247BCE228D6F9B500DB8861 /* NASAGalleryAppUITests.swift in Sources */,
			);
			runOnlyForDeploymentPostprocessing = 0;
		};
/* End PBXSourcesBuildPhase section */

/* Begin PBXTargetDependency section */
		A247BCD528D6F9B500DB8861 /* PBXTargetDependency */ = {
			isa = PBXTargetDependency;
			target = A247BCBC28D6F9B400DB8861 /* NASAGalleryApp */;
			targetProxy = A247BCD428D6F9B500DB8861 /* PBXContainerItemProxy */;
		};
		A247BCDF28D6F9B500DB8861 /* PBXTargetDependency */ = {
			isa = PBXTargetDependency;
			target = A247BCBC28D6F9B400DB8861 /* NASAGalleryApp */;
			targetProxy = A247BCDE28D6F9B500DB8861 /* PBXContainerItemProxy */;
		};
/* End PBXTargetDependency section */

/* Begin PBXVariantGroup section */
		A247BCC628D6F9B400DB8861 /* Main.storyboard */ = {
			isa = PBXVariantGroup;
			children = (
				A247BCC728D6F9B400DB8861 /* Base */,
			);
			name = Main.storyboard;
			sourceTree = "<group>";
		};
		A247BCCB28D6F9B500DB8861 /* LaunchScreen.storyboard */ = {
			isa = PBXVariantGroup;
			children = (
				A247BCCC28D6F9B500DB8861 /* Base */,
			);
			name = LaunchScreen.storyboard;
			sourceTree = "<group>";
		};
/* End PBXVariantGroup section */

/* Begin XCBuildConfiguration section */
		A247BCE528D6F9B500DB8861 /* Debug */ = {
			isa = XCBuildConfiguration;
			buildSettings = {
				ALWAYS_SEARCH_USER_PATHS = NO;
				CLANG_ANALYZER_NONNULL = YES;
				CLANG_ANALYZER_NUMBER_OBJECT_CONVERSION = YES_AGGRESSIVE;
				CLANG_CXX_LANGUAGE_STANDARD = "gnu++17";
				CLANG_ENABLE_MODULES = YES;
				CLANG_ENABLE_OBJC_ARC = YES;
				CLANG_ENABLE_OBJC_WEAK = YES;
				CLANG_WARN_BLOCK_CAPTURE_AUTORELEASING = YES;
				CLANG_WARN_BOOL_CONVERSION = YES;
				CLANG_WARN_COMMA = YES;
				CLANG_WARN_CONSTANT_CONVERSION = YES;
				CLANG_WARN_DEPRECATED_OBJC_IMPLEMENTATIONS = YES;
				CLANG_WARN_DIRECT_OBJC_ISA_USAGE = YES_ERROR;
				CLANG_WARN_DOCUMENTATION_COMMENTS = YES;
				CLANG_WARN_EMPTY_BODY = YES;
				CLANG_WARN_ENUM_CONVERSION = YES;
				CLANG_WARN_INFINITE_RECURSION = YES;
				CLANG_WARN_INT_CONVERSION = YES;
				CLANG_WARN_NON_LITERAL_NULL_CONVERSION = YES;
				CLANG_WARN_OBJC_IMPLICIT_RETAIN_SELF = YES;
				CLANG_WARN_OBJC_LITERAL_CONVERSION = YES;
				CLANG_WARN_OBJC_ROOT_CLASS = YES_ERROR;
				CLANG_WARN_QUOTED_INCLUDE_IN_FRAMEWORK_HEADER = YES;
				CLANG_WARN_RANGE_LOOP_ANALYSIS = YES;
				CLANG_WARN_STRICT_PROTOTYPES = YES;
				CLANG_WARN_SUSPICIOUS_MOVE = YES;
				CLANG_WARN_UNGUARDED_AVAILABILITY = YES_AGGRESSIVE;
				CLANG_WARN_UNREACHABLE_CODE = YES;
				CLANG_WARN__DUPLICATE_METHOD_MATCH = YES;
				COPY_PHASE_STRIP = NO;
				DEBUG_INFORMATION_FORMAT = dwarf;
				ENABLE_STRICT_OBJC_MSGSEND = YES;
				ENABLE_TESTABILITY = YES;
				GCC_C_LANGUAGE_STANDARD = gnu11;
				GCC_DYNAMIC_NO_PIC = NO;
				GCC_NO_COMMON_BLOCKS = YES;
				GCC_OPTIMIZATION_LEVEL = 0;
				GCC_PREPROCESSOR_DEFINITIONS = (
					"DEBUG=1",
					"$(inherited)",
				);
				GCC_WARN_64_TO_32_BIT_CONVERSION = YES;
				GCC_WARN_ABOUT_RETURN_TYPE = YES_ERROR;
				GCC_WARN_UNDECLARED_SELECTOR = YES;
				GCC_WARN_UNINITIALIZED_AUTOS = YES_AGGRESSIVE;
				GCC_WARN_UNUSED_FUNCTION = YES;
				GCC_WARN_UNUSED_VARIABLE = YES;
				IPHONEOS_DEPLOYMENT_TARGET = 15.5;
				MTL_ENABLE_DEBUG_INFO = INCLUDE_SOURCE;
				MTL_FAST_MATH = YES;
				ONLY_ACTIVE_ARCH = YES;
				SDKROOT = iphoneos;
				SWIFT_ACTIVE_COMPILATION_CONDITIONS = DEBUG;
				SWIFT_OPTIMIZATION_LEVEL = "-Onone";
			};
			name = Debug;
		};
		A247BCE628D6F9B500DB8861 /* Release */ = {
			isa = XCBuildConfiguration;
			buildSettings = {
				ALWAYS_SEARCH_USER_PATHS = NO;
				CLANG_ANALYZER_NONNULL = YES;
				CLANG_ANALYZER_NUMBER_OBJECT_CONVERSION = YES_AGGRESSIVE;
				CLANG_CXX_LANGUAGE_STANDARD = "gnu++17";
				CLANG_ENABLE_MODULES = YES;
				CLANG_ENABLE_OBJC_ARC = YES;
				CLANG_ENABLE_OBJC_WEAK = YES;
				CLANG_WARN_BLOCK_CAPTURE_AUTORELEASING = YES;
				CLANG_WARN_BOOL_CONVERSION = YES;
				CLANG_WARN_COMMA = YES;
				CLANG_WARN_CONSTANT_CONVERSION = YES;
				CLANG_WARN_DEPRECATED_OBJC_IMPLEMENTATIONS = YES;
				CLANG_WARN_DIRECT_OBJC_ISA_USAGE = YES_ERROR;
				CLANG_WARN_DOCUMENTATION_COMMENTS = YES;
				CLANG_WARN_EMPTY_BODY = YES;
				CLANG_WARN_ENUM_CONVERSION = YES;
				CLANG_WARN_INFINITE_RECURSION = YES;
				CLANG_WARN_INT_CONVERSION = YES;
				CLANG_WARN_NON_LITERAL_NULL_CONVERSION = YES;
				CLANG_WARN_OBJC_IMPLICIT_RETAIN_SELF = YES;
				CLANG_WARN_OBJC_LITERAL_CONVERSION = YES;
				CLANG_WARN_OBJC_ROOT_CLASS = YES_ERROR;
				CLANG_WARN_QUOTED_INCLUDE_IN_FRAMEWORK_HEADER = YES;
				CLANG_WARN_RANGE_LOOP_ANALYSIS = YES;
				CLANG_WARN_STRICT_PROTOTYPES = YES;
				CLANG_WARN_SUSPICIOUS_MOVE = YES;
				CLANG_WARN_UNGUARDED_AVAILABILITY = YES_AGGRESSIVE;
				CLANG_WARN_UNREACHABLE_CODE = YES;
				CLANG_WARN__DUPLICATE_METHOD_MATCH = YES;
				COPY_PHASE_STRIP = NO;
				DEBUG_INFORMATION_FORMAT = "dwarf-with-dsym";
				ENABLE_NS_ASSERTIONS = NO;
				ENABLE_STRICT_OBJC_MSGSEND = YES;
				GCC_C_LANGUAGE_STANDARD = gnu11;
				GCC_NO_COMMON_BLOCKS = YES;
				GCC_WARN_64_TO_32_BIT_CONVERSION = YES;
				GCC_WARN_ABOUT_RETURN_TYPE = YES_ERROR;
				GCC_WARN_UNDECLARED_SELECTOR = YES;
				GCC_WARN_UNINITIALIZED_AUTOS = YES_AGGRESSIVE;
				GCC_WARN_UNUSED_FUNCTION = YES;
				GCC_WARN_UNUSED_VARIABLE = YES;
				IPHONEOS_DEPLOYMENT_TARGET = 15.5;
				MTL_ENABLE_DEBUG_INFO = NO;
				MTL_FAST_MATH = YES;
				SDKROOT = iphoneos;
				SWIFT_COMPILATION_MODE = wholemodule;
				SWIFT_OPTIMIZATION_LEVEL = "-O";
				VALIDATE_PRODUCT = YES;
			};
			name = Release;
		};
		A247BCE828D6F9B500DB8861 /* Debug */ = {
			isa = XCBuildConfiguration;
			buildSettings = {
				ASSETCATALOG_COMPILER_APPICON_NAME = AppIcon;
				ASSETCATALOG_COMPILER_GLOBAL_ACCENT_COLOR_NAME = AccentColor;
				CODE_SIGN_STYLE = Automatic;
				CURRENT_PROJECT_VERSION = 1;
				DEVELOPMENT_TEAM = CX3KA3HA23;
				GENERATE_INFOPLIST_FILE = YES;
				INFOPLIST_FILE = NASAGalleryApp/Info.plist;
				INFOPLIST_KEY_UIApplicationSupportsIndirectInputEvents = YES;
				INFOPLIST_KEY_UILaunchStoryboardName = LaunchScreen;
				INFOPLIST_KEY_UIMainStoryboardFile = Main;
				INFOPLIST_KEY_UISupportedInterfaceOrientations = UIInterfaceOrientationPortrait;
				INFOPLIST_KEY_UISupportedInterfaceOrientations_iPad = "UIInterfaceOrientationPortrait UIInterfaceOrientationPortraitUpsideDown UIInterfaceOrientationLandscapeLeft UIInterfaceOrientationLandscapeRight";
				INFOPLIST_KEY_UISupportedInterfaceOrientations_iPhone = "UIInterfaceOrientationPortrait UIInterfaceOrientationLandscapeLeft UIInterfaceOrientationLandscapeRight";
				LD_RUNPATH_SEARCH_PATHS = (
					"$(inherited)",
					"@executable_path/Frameworks",
				);
				MARKETING_VERSION = 1.0;
				PRODUCT_BUNDLE_IDENTIFIER = com.Rahul.NASAGalleryApp;
				PRODUCT_NAME = "$(TARGET_NAME)";
				SWIFT_EMIT_LOC_STRINGS = YES;
				SWIFT_VERSION = 5.0;
				TARGETED_DEVICE_FAMILY = "1,2";
			};
			name = Debug;
		};
		A247BCE928D6F9B500DB8861 /* Release */ = {
			isa = XCBuildConfiguration;
			buildSettings = {
				ASSETCATALOG_COMPILER_APPICON_NAME = AppIcon;
				ASSETCATALOG_COMPILER_GLOBAL_ACCENT_COLOR_NAME = AccentColor;
				CODE_SIGN_STYLE = Automatic;
				CURRENT_PROJECT_VERSION = 1;
				DEVELOPMENT_TEAM = CX3KA3HA23;
				GENERATE_INFOPLIST_FILE = YES;
				INFOPLIST_FILE = NASAGalleryApp/Info.plist;
				INFOPLIST_KEY_UIApplicationSupportsIndirectInputEvents = YES;
				INFOPLIST_KEY_UILaunchStoryboardName = LaunchScreen;
				INFOPLIST_KEY_UIMainStoryboardFile = Main;
				INFOPLIST_KEY_UISupportedInterfaceOrientations = UIInterfaceOrientationPortrait;
				INFOPLIST_KEY_UISupportedInterfaceOrientations_iPad = "UIInterfaceOrientationPortrait UIInterfaceOrientationPortraitUpsideDown UIInterfaceOrientationLandscapeLeft UIInterfaceOrientationLandscapeRight";
				INFOPLIST_KEY_UISupportedInterfaceOrientations_iPhone = "UIInterfaceOrientationPortrait UIInterfaceOrientationLandscapeLeft UIInterfaceOrientationLandscapeRight";
				LD_RUNPATH_SEARCH_PATHS = (
					"$(inherited)",
					"@executable_path/Frameworks",
				);
				MARKETING_VERSION = 1.0;
				PRODUCT_BUNDLE_IDENTIFIER = com.Rahul.NASAGalleryApp;
				PRODUCT_NAME = "$(TARGET_NAME)";
				SWIFT_EMIT_LOC_STRINGS = YES;
				SWIFT_VERSION = 5.0;
				TARGETED_DEVICE_FAMILY = "1,2";
			};
			name = Release;
		};
		A247BCEB28D6F9B500DB8861 /* Debug */ = {
			isa = XCBuildConfiguration;
			buildSettings = {
				ALWAYS_EMBED_SWIFT_STANDARD_LIBRARIES = YES;
				BUNDLE_LOADER = "$(TEST_HOST)";
				CODE_SIGN_STYLE = Automatic;
				CURRENT_PROJECT_VERSION = 1;
				DEVELOPMENT_TEAM = CX3KA3HA23;
				GENERATE_INFOPLIST_FILE = YES;
				IPHONEOS_DEPLOYMENT_TARGET = 15.5;
				MARKETING_VERSION = 1.0;
				PRODUCT_BUNDLE_IDENTIFIER = com.Rahul.NASAGalleryAppTests;
				PRODUCT_NAME = "$(TARGET_NAME)";
				SWIFT_EMIT_LOC_STRINGS = NO;
				SWIFT_VERSION = 5.0;
				TARGETED_DEVICE_FAMILY = "1,2";
				TEST_HOST = "$(BUILT_PRODUCTS_DIR)/NASAGalleryApp.app/NASAGalleryApp";
			};
			name = Debug;
		};
		A247BCEC28D6F9B500DB8861 /* Release */ = {
			isa = XCBuildConfiguration;
			buildSettings = {
				ALWAYS_EMBED_SWIFT_STANDARD_LIBRARIES = YES;
				BUNDLE_LOADER = "$(TEST_HOST)";
				CODE_SIGN_STYLE = Automatic;
				CURRENT_PROJECT_VERSION = 1;
				DEVELOPMENT_TEAM = CX3KA3HA23;
				GENERATE_INFOPLIST_FILE = YES;
				IPHONEOS_DEPLOYMENT_TARGET = 15.5;
				MARKETING_VERSION = 1.0;
				PRODUCT_BUNDLE_IDENTIFIER = com.Rahul.NASAGalleryAppTests;
				PRODUCT_NAME = "$(TARGET_NAME)";
				SWIFT_EMIT_LOC_STRINGS = NO;
				SWIFT_VERSION = 5.0;
				TARGETED_DEVICE_FAMILY = "1,2";
				TEST_HOST = "$(BUILT_PRODUCTS_DIR)/NASAGalleryApp.app/NASAGalleryApp";
			};
			name = Release;
		};
		A247BCEE28D6F9B500DB8861 /* Debug */ = {
			isa = XCBuildConfiguration;
			buildSettings = {
				ALWAYS_EMBED_SWIFT_STANDARD_LIBRARIES = YES;
				CODE_SIGN_STYLE = Automatic;
				CURRENT_PROJECT_VERSION = 1;
				DEVELOPMENT_TEAM = CX3KA3HA23;
				GENERATE_INFOPLIST_FILE = YES;
				MARKETING_VERSION = 1.0;
				PRODUCT_BUNDLE_IDENTIFIER = com.Rahul.NASAGalleryAppUITests;
				PRODUCT_NAME = "$(TARGET_NAME)";
				SWIFT_EMIT_LOC_STRINGS = NO;
				SWIFT_VERSION = 5.0;
				TARGETED_DEVICE_FAMILY = "1,2";
				TEST_TARGET_NAME = NASAGalleryApp;
			};
			name = Debug;
		};
		A247BCEF28D6F9B500DB8861 /* Release */ = {
			isa = XCBuildConfiguration;
			buildSettings = {
				ALWAYS_EMBED_SWIFT_STANDARD_LIBRARIES = YES;
				CODE_SIGN_STYLE = Automatic;
				CURRENT_PROJECT_VERSION = 1;
				DEVELOPMENT_TEAM = CX3KA3HA23;
				GENERATE_INFOPLIST_FILE = YES;
				MARKETING_VERSION = 1.0;
				PRODUCT_BUNDLE_IDENTIFIER = com.Rahul.NASAGalleryAppUITests;
				PRODUCT_NAME = "$(TARGET_NAME)";
				SWIFT_EMIT_LOC_STRINGS = NO;
				SWIFT_VERSION = 5.0;
				TARGETED_DEVICE_FAMILY = "1,2";
				TEST_TARGET_NAME = NASAGalleryApp;
			};
			name = Release;
		};
/* End XCBuildConfiguration section */

/* Begin XCConfigurationList section */
		A247BCB828D6F9B300DB8861 /* Build configuration list for PBXProject "NASAGalleryApp" */ = {
			isa = XCConfigurationList;
			buildConfigurations = (
				A247BCE528D6F9B500DB8861 /* Debug */,
				A247BCE628D6F9B500DB8861 /* Release */,
			);
			defaultConfigurationIsVisible = 0;
			defaultConfigurationName = Release;
		};
		A247BCE728D6F9B500DB8861 /* Build configuration list for PBXNativeTarget "NASAGalleryApp" */ = {
			isa = XCConfigurationList;
			buildConfigurations = (
				A247BCE828D6F9B500DB8861 /* Debug */,
				A247BCE928D6F9B500DB8861 /* Release */,
			);
			defaultConfigurationIsVisible = 0;
			defaultConfigurationName = Release;
		};
		A247BCEA28D6F9B500DB8861 /* Build configuration list for PBXNativeTarget "NASAGalleryAppTests" */ = {
			isa = XCConfigurationList;
			buildConfigurations = (
				A247BCEB28D6F9B500DB8861 /* Debug */,
				A247BCEC28D6F9B500DB8861 /* Release */,
			);
			defaultConfigurationIsVisible = 0;
			defaultConfigurationName = Release;
		};
		A247BCED28D6F9B500DB8861 /* Build configuration list for PBXNativeTarget "NASAGalleryAppUITests" */ = {
			isa = XCConfigurationList;
			buildConfigurations = (
				A247BCEE28D6F9B500DB8861 /* Debug */,
				A247BCEF28D6F9B500DB8861 /* Release */,
			);
			defaultConfigurationIsVisible = 0;
			defaultConfigurationName = Release;
		};
/* End XCConfigurationList section */
	};
	rootObject = A247BCB528D6F9B300DB8861 /* Project object */;
}
